
Microsoft Visual Studio Solution File, Format Version 12.00
# Visual Studio Version 17
VisualStudioVersion = 17.5.33530.505
MinimumVisualStudioVersion = 10.0.40219.1
Project("{FAE04EC0-301F-11D3-BF4B-00C04F79EFBC}") = "TaskRacer", "TaskRacer\TaskRacer.csproj", "{4535BC0F-7403-49C7-94B6-A4A5335A5B82}"
EndProject
Global
	GlobalSection(SolutionConfigurationPlatforms) = preSolution
		Debug|Any CPU = Debug|Any CPU
		Release|Any CPU = Release|Any CPU
	EndGlobalSection
	GlobalSection(ProjectConfigurationPlatforms) = postSolution
		{4535BC0F-7403-49C7-94B6-A4A5335A5B82}.Debug|Any CPU.ActiveCfg = Debug|Any CPU
		{4535BC0F-7403-49C7-94B6-A4A5335A5B82}.Debug|Any CPU.Build.0 = Debug|Any CPU
		{4535BC0F-7403-49C7-94B6-A4A5335A5B82}.Release|Any CPU.ActiveCfg = Release|Any CPU
		{4535BC0F-7403-49C7-94B6-A4A5335A5B82}.Release|Any CPU.Build.0 = Release|Any CPU
	EndGlobalSection
	GlobalSection(SolutionProperties) = preSolution
		HideSolutionNode = FALSE
	EndGlobalSection
	GlobalSection(ExtensibilityGlobals) = postSolution
		SolutionGuid = {8DC8F132-586A-4584-8F46-F1EF7ED4FFD4}
	EndGlobalSection
EndGlobal
